<Solution>
  <Folder Name="/src/" />
  <Folder Name="/src/API/">
    <Project Path="src/API/WebAPI/WebAPI.csproj" />
  </Folder>
  <Folder Name="/src/Aspire/">
    <Project Path="src/Aspire/AppHost/AppHost.csproj" />
    <Project Path="src/Aspire/ServiceDefaults/ServiceDefaults.csproj" />
  </Folder>
  <Folder Name="/src/Modules/" />
  <Folder Name="/src/Modules/Basket/">
    <Project Path="src/Modules/Basket/Basket/Basket.csproj" Id="ab8fc46b-b87c-46b2-9e75-995148b6da41" />
  </Folder>
  <Folder Name="/src/Modules/Catalog/">
    <Project Path="src/Modules/Catalog/Catalog/Catalog.csproj" />
  </Folder>
  <Folder Name="/src/Modules/Ordering/" />
  <Folder Name="/src/Shared/">
    <Project Path="src/Shared/Shared/Shared.csproj" />
  </Folder>
</Solution>
